
Microsoft Visual Studio Solution File, Format Version 12.00
# Visual Studio Version 16
VisualStudioVersion = 16.0.29920.165
MinimumVisualStudioVersion = 10.0.40219.1
Project("{FAE04EC0-301F-11D3-BF4B-00C04F79EFBC}") = "Ajandekgyar", "Ajandekgyar\Ajandekgyar.csproj", "{8398A1D5-60BB-45CB-B03C-FD38152631DE}"
EndProject
Global
	GlobalSection(SolutionConfigurationPlatforms) = preSolution
		Debug|Any CPU = Debug|Any CPU
		Release|Any CPU = Release|Any CPU
	EndGlobalSection
	GlobalSection(ProjectConfigurationPlatforms) = postSolution
		{8398A1D5-60BB-45CB-B03C-FD38152631DE}.Debug|Any CPU.ActiveCfg = Debug|Any CPU
		{8398A1D5-60BB-45CB-B03C-FD38152631DE}.Debug|Any CPU.Build.0 = Debug|Any CPU
		{8398A1D5-60BB-45CB-B03C-FD38152631DE}.Release|Any CPU.ActiveCfg = Release|Any CPU
		{8398A1D5-60BB-45CB-B03C-FD38152631DE}.Release|Any CPU.Build.0 = Release|Any CPU
	EndGlobalSection
	GlobalSection(SolutionProperties) = preSolution
		HideSolutionNode = FALSE
	EndGlobalSection
	GlobalSection(ExtensibilityGlobals) = postSolution
		SolutionGuid = {76FB6F44-B185-40FA-8EEE-19256D8F5D42}
	EndGlobalSection
EndGlobal
